{
  "lockfileVersion": 1,
  "workspaces": {
    "": {
      "name": "bun-react-template",
      "devDependencies": {
        "@biomejs/biome": "2.0.5",
        "@types/bun": "latest",
        "turbo": "2.5.4",
        "typescript": "5.8.3",
      },
    },
    "packages/database": {
      "name": "@monorepo/database",
      "version": "1.0.0",
      "dependencies": {
        "@monorepo/shared": "workspace:*",
      },
    },
    "packages/server": {
      "name": "@monorepo/server",
      "version": "1.0.0",
      "dependencies": {
        "@monorepo/database": "workspace:*",
        "@monorepo/shared": "workspace:*",
      },
    },
    "packages/shared": {
      "name": "@monorepo/shared",
      "version": "1.0.0",
    },
    "packages/web": {
      "name": "@monorepo/web",
      "version": "1.0.0",
      "dependencies": {
        "@monorepo/shared": "workspace:*",
        "react": "19.1.0",
        "react-dom": "19.1.0",
      },
      "devDependencies": {
        "@types/react": "19.1.8",
        "@types/react-dom": "19.1.6",
      },
    },
  },
  "packages": {
    "@biomejs/biome": ["@biomejs/biome@2.0.5", "", { "optionalDependencies": { "@biomejs/cli-darwin-arm64": "2.0.5", "@biomejs/cli-darwin-x64": "2.0.5", "@biomejs/cli-linux-arm64": "2.0.5", "@biomejs/cli-linux-arm64-musl": "2.0.5", "@biomejs/cli-linux-x64": "2.0.5", "@biomejs/cli-linux-x64-musl": "2.0.5", "@biomejs/cli-win32-arm64": "2.0.5", "@biomejs/cli-win32-x64": "2.0.5" }, "bin": { "biome": "bin/biome" } }, "sha512-MztFGhE6cVjf3QmomWu83GpTFyWY8KIcskgRf2AqVEMSH4qI4rNdBLdpAQ11TNK9pUfLGz3IIOC1ZYwgBePtig=="],

    "@biomejs/cli-darwin-arm64": ["@biomejs/cli-darwin-arm64@2.0.5", "", { "os": "darwin", "cpu": "arm64" }, "sha512-VIIWQv9Rcj9XresjCf3isBFfWjFStsdGZvm8SmwJzKs/22YQj167ge7DkxuaaZbNf2kmYif0AcjAKvtNedEoEw=="],

    "@biomejs/cli-darwin-x64": ["@biomejs/cli-darwin-x64@2.0.5", "", { "os": "darwin", "cpu": "x64" }, "sha512-DRpGxBgf5Z7HUFcNUB6n66UiD4VlBlMpngNf32wPraxX8vYU6N9cb3xQWOXIQVBBQ64QfsSLJnjNu79i/LNmSg=="],

    "@biomejs/cli-linux-arm64": ["@biomejs/cli-linux-arm64@2.0.5", "", { "os": "linux", "cpu": "arm64" }, "sha512-FQTfDNMXOknf8+g9Eede2daaduRjTC2SNbfWPNFMadN9K3UKjeZ62jwiYxztPaz9zQQsZU8VbddQIaeQY5CmIA=="],

    "@biomejs/cli-linux-arm64-musl": ["@biomejs/cli-linux-arm64-musl@2.0.5", "", { "os": "linux", "cpu": "arm64" }, "sha512-OpflTCOw/ElEs7QZqN/HFaSViPHjAsAPxFJ22LhWUWvuJgcy/Z8+hRV0/3mk/ZRWy5A6fCDKHZqAxU+xB6W4mA=="],

    "@biomejs/cli-linux-x64": ["@biomejs/cli-linux-x64@2.0.5", "", { "os": "linux", "cpu": "x64" }, "sha512-znpfydUDPuDkyBTulnODrQVK2FaG/4hIOPcQSsF2GeauQOYrBAOplj0etGB0NUrr0dFsvaQ15nzDXYb60ACoiw=="],

    "@biomejs/cli-linux-x64-musl": ["@biomejs/cli-linux-x64-musl@2.0.5", "", { "os": "linux", "cpu": "x64" }, "sha512-9lmjCnajAzpZXbav2P6D87ugkhnaDpJtDvOH5uQbY2RXeW6Rq18uOUltxgacGBP+d8GusTr+s3IFOu7SN0Ok8g=="],

    "@biomejs/cli-win32-arm64": ["@biomejs/cli-win32-arm64@2.0.5", "", { "os": "win32", "cpu": "arm64" }, "sha512-CP2wKQB+gh8HdJTFKYRFETqReAjxlcN9AlYDEoye8v2eQp+L9v+PUeDql/wsbaUhSsLR0sjj3PtbBtt+02AN3A=="],

    "@biomejs/cli-win32-x64": ["@biomejs/cli-win32-x64@2.0.5", "", { "os": "win32", "cpu": "x64" }, "sha512-Sw3rz2m6bBADeQpr3+MD7Ch4E1l15DTt/+dfqKnwkm3cn4BrYwnArmvKeZdVsFRDjMyjlKIP88bw1r7o+9aqzw=="],

    "@monorepo/database": ["@monorepo/database@workspace:packages/database"],

    "@monorepo/server": ["@monorepo/server@workspace:packages/server"],

    "@monorepo/shared": ["@monorepo/shared@workspace:packages/shared"],

    "@monorepo/web": ["@monorepo/web@workspace:packages/web"],

    "@types/bun": ["@types/bun@1.2.17", "", { "dependencies": { "bun-types": "1.2.17" } }, "sha512-l/BYs/JYt+cXA/0+wUhulYJB6a6p//GTPiJ7nV+QHa8iiId4HZmnu/3J/SowP5g0rTiERY2kfGKXEK5Ehltx4Q=="],

    "@types/node": ["@types/node@24.0.4", "", { "dependencies": { "undici-types": "~7.8.0" } }, "sha512-ulyqAkrhnuNq9pB76DRBTkcS6YsmDALy6Ua63V8OhrOBgbcYt6IOdzpw5P1+dyRIyMerzLkeYWBeOXPpA9GMAA=="],

    "@types/react": ["@types/react@19.1.8", "", { "dependencies": { "csstype": "^3.0.2" } }, "sha512-AwAfQ2Wa5bCx9WP8nZL2uMZWod7J7/JSplxbTmBQ5ms6QpqNYm672H0Vu9ZVKVngQ+ii4R/byguVEUZQyeg44g=="],

    "@types/react-dom": ["@types/react-dom@19.1.6", "", { "peerDependencies": { "@types/react": "^19.0.0" } }, "sha512-4hOiT/dwO8Ko0gV1m/TJZYk3y0KBnY9vzDh7W+DH17b2HFSOGgdj33dhihPeuy3l0q23+4e+hoXHV6hCC4dCXw=="],

    "bun-types": ["bun-types@1.2.17", "", { "dependencies": { "@types/node": "*" } }, "sha512-ElC7ItwT3SCQwYZDYoAH+q6KT4Fxjl8DtZ6qDulUFBmXA8YB4xo+l54J9ZJN+k2pphfn9vk7kfubeSd5QfTVJQ=="],

    "csstype": ["csstype@3.1.3", "", {}, "sha512-M1uQkMl8rQK/szD0LNhtqxIPLpimGm8sOBwU7lLnCpSbTyY3yeU1Vc7l4KT5zT4s/yOxHH5O7tIuuLOCnLADRw=="],

    "react": ["react@19.1.0", "", {}, "sha512-FS+XFBNvn3GTAWq26joslQgWNoFu08F4kl0J4CgdNKADkdSGXQyTCnKteIAJy96Br6YbpEU1LSzV5dYtjMkMDg=="],

    "react-dom": ["react-dom@19.1.0", "", { "dependencies": { "scheduler": "^0.26.0" }, "peerDependencies": { "react": "^19.1.0" } }, "sha512-Xs1hdnE+DyKgeHJeJznQmYMIBG3TKIHJJT95Q58nHLSrElKlGQqDTR2HQ9fx5CN/Gk6Vh/kupBTDLU11/nDk/g=="],

    "scheduler": ["scheduler@0.26.0", "", {}, "sha512-NlHwttCI/l5gCPR3D1nNXtWABUmBwvZpEQiD4IXSbIDq8BzLIK/7Ir5gTFSGZDUu37K5cMNp0hFtzO38sC7gWA=="],

    "turbo": ["turbo@2.5.4", "", { "optionalDependencies": { "turbo-darwin-64": "2.5.4", "turbo-darwin-arm64": "2.5.4", "turbo-linux-64": "2.5.4", "turbo-linux-arm64": "2.5.4", "turbo-windows-64": "2.5.4", "turbo-windows-arm64": "2.5.4" }, "bin": { "turbo": "bin/turbo" } }, "sha512-kc8ZibdRcuWUG1pbYSBFWqmIjynlD8Lp7IB6U3vIzvOv9VG+6Sp8bzyeBWE3Oi8XV5KsQrznyRTBPvrf99E4mA=="],

    "turbo-darwin-64": ["turbo-darwin-64@2.5.4", "", { "os": "darwin", "cpu": "x64" }, "sha512-ah6YnH2dErojhFooxEzmvsoZQTMImaruZhFPfMKPBq8sb+hALRdvBNLqfc8NWlZq576FkfRZ/MSi4SHvVFT9PQ=="],

    "turbo-darwin-arm64": ["turbo-darwin-arm64@2.5.4", "", { "os": "darwin", "cpu": "arm64" }, "sha512-2+Nx6LAyuXw2MdXb7pxqle3MYignLvS7OwtsP9SgtSBaMlnNlxl9BovzqdYAgkUW3AsYiQMJ/wBRb7d+xemM5A=="],

    "turbo-linux-64": ["turbo-linux-64@2.5.4", "", { "os": "linux", "cpu": "x64" }, "sha512-5May2kjWbc8w4XxswGAl74GZ5eM4Gr6IiroqdLhXeXyfvWEdm2mFYCSWOzz0/z5cAgqyGidF1jt1qzUR8hTmOA=="],

    "turbo-linux-arm64": ["turbo-linux-arm64@2.5.4", "", { "os": "linux", "cpu": "arm64" }, "sha512-/2yqFaS3TbfxV3P5yG2JUI79P7OUQKOUvAnx4MV9Bdz6jqHsHwc9WZPpO4QseQm+NvmgY6ICORnoVPODxGUiJg=="],

    "turbo-windows-64": ["turbo-windows-64@2.5.4", "", { "os": "win32", "cpu": "x64" }, "sha512-EQUO4SmaCDhO6zYohxIjJpOKRN3wlfU7jMAj3CgcyTPvQR/UFLEKAYHqJOnJtymbQmiiM/ihX6c6W6Uq0yC7mA=="],

    "turbo-windows-arm64": ["turbo-windows-arm64@2.5.4", "", { "os": "win32", "cpu": "arm64" }, "sha512-oQ8RrK1VS8lrxkLriotFq+PiF7iiGgkZtfLKF4DDKsmdbPo0O9R2mQxm7jHLuXraRCuIQDWMIw6dpcr7Iykf4A=="],

    "typescript": ["typescript@5.8.3", "", { "bin": { "tsc": "bin/tsc", "tsserver": "bin/tsserver" } }, "sha512-p1diW6TqL9L07nNxvRMM7hMMw4c5XOo/1ibL4aAIGmSAt9slTE1Xgw5KWuof2uTOvCg9BY7ZRi+GaF+7sfgPeQ=="],

    "undici-types": ["undici-types@7.8.0", "", {}, "sha512-9UJ2xGDvQ43tYyVMpuHlsgApydB8ZKfVYTsLDhXkFL/6gfkp+U8xTGdh8pMJv1SpZna0zxG1DwsKZsreLbXBxw=="],
  }
}
